
Microsoft Visual Studio Solution File, Format Version 12.00
# Visual Studio 15
VisualStudioVersion = 15.0.27130.2027
MinimumVisualStudioVersion = 10.0.40219.1
Project("{FAE04EC0-301F-11D3-BF4B-00C04F79EFBC}") = "divideandconcure", "divideandconcure.csproj", "{F088DA54-E91B-4902-8C49-72BA3601DB86}"
EndProject
Project("{FAE04EC0-301F-11D3-BF4B-00C04F79EFBC}") = "LinkedList", "LinkedList\LinkedList.csproj", "{E4D995E1-400E-4A00-AF61-48BA07B76A7C}"
EndProject
Project("{FAE04EC0-301F-11D3-BF4B-00C04F79EFBC}") = "StackProblem", "StackProblem\StackProblem.csproj", "{10A8AC18-73BF-4A00-8113-326C2169C1F9}"
EndProject
Project("{FAE04EC0-301F-11D3-BF4B-00C04F79EFBC}") = "Strings", "Strings\Strings.csproj", "{7435CFE2-5A39-4BE3-85E3-02AB54057FC6}"
EndProject
Project("{FAE04EC0-301F-11D3-BF4B-00C04F79EFBC}") = "BinaryTree", "BinarySearchTree\BinaryTree.csproj", "{57CC0845-8921-4560-960A-36D1C25DDD1F}"
EndProject
Project("{FAE04EC0-301F-11D3-BF4B-00C04F79EFBC}") = "sorting", "..\sorting\sorting.csproj", "{0F4944D8-C0EA-47A0-97F6-E9AC5B22DC14}"
EndProject
Project("{FAE04EC0-301F-11D3-BF4B-00C04F79EFBC}") = "otherProblems", "otherProblems\otherProblems.csproj", "{BC534E43-C954-42C7-A79B-B1C9F24C272F}"
EndProject
Project("{FAE04EC0-301F-11D3-BF4B-00C04F79EFBC}") = "graph", "..\graph\graph.csproj", "{3B92B721-95E8-4ADA-BA36-457FEE85E2B3}"
EndProject
Project("{FAE04EC0-301F-11D3-BF4B-00C04F79EFBC}") = "Tree1", "Tree1\Tree1.csproj", "{4625232C-F489-40DF-A1E1-AB524A5A7209}"
EndProject
Project("{FAE04EC0-301F-11D3-BF4B-00C04F79EFBC}") = "DynamicProgramming", "..\DynamicProgramming\DynamicProgramming.csproj", "{74BFB59D-8F7D-4F75-BF7E-4E441CABBCED}"
EndProject
Project("{FAE04EC0-301F-11D3-BF4B-00C04F79EFBC}") = "BitwiseOperations", "..\BitwiseOperations\BitwiseOperations.csproj", "{8EBDF0DA-A858-4DFB-973C-7C99E6B29BBE}"
EndProject
Project("{FAE04EC0-301F-11D3-BF4B-00C04F79EFBC}") = "test", "test\test.csproj", "{032EB1E9-8BB8-4D20-952B-8C325318A149}"
EndProject
Project("{FAE04EC0-301F-11D3-BF4B-00C04F79EFBC}") = "QueueProblems", "..\QueueProblems\QueueProblems.csproj", "{625BDBF6-9A07-4C6A-B3E7-B2B6869B6D48}"
EndProject
Global
	GlobalSection(SolutionConfigurationPlatforms) = preSolution
		Debug|Any CPU = Debug|Any CPU
		Release|Any CPU = Release|Any CPU
	EndGlobalSection
	GlobalSection(ProjectConfigurationPlatforms) = postSolution
		{F088DA54-E91B-4902-8C49-72BA3601DB86}.Debug|Any CPU.ActiveCfg = Debug|Any CPU
		{F088DA54-E91B-4902-8C49-72BA3601DB86}.Debug|Any CPU.Build.0 = Debug|Any CPU
		{F088DA54-E91B-4902-8C49-72BA3601DB86}.Release|Any CPU.ActiveCfg = Release|Any CPU
		{F088DA54-E91B-4902-8C49-72BA3601DB86}.Release|Any CPU.Build.0 = Release|Any CPU
		{E4D995E1-400E-4A00-AF61-48BA07B76A7C}.Debug|Any CPU.ActiveCfg = Debug|Any CPU
		{E4D995E1-400E-4A00-AF61-48BA07B76A7C}.Debug|Any CPU.Build.0 = Debug|Any CPU
		{E4D995E1-400E-4A00-AF61-48BA07B76A7C}.Release|Any CPU.ActiveCfg = Release|Any CPU
		{E4D995E1-400E-4A00-AF61-48BA07B76A7C}.Release|Any CPU.Build.0 = Release|Any CPU
		{10A8AC18-73BF-4A00-8113-326C2169C1F9}.Debug|Any CPU.ActiveCfg = Debug|Any CPU
		{10A8AC18-73BF-4A00-8113-326C2169C1F9}.Debug|Any CPU.Build.0 = Debug|Any CPU
		{10A8AC18-73BF-4A00-8113-326C2169C1F9}.Release|Any CPU.ActiveCfg = Release|Any CPU
		{10A8AC18-73BF-4A00-8113-326C2169C1F9}.Release|Any CPU.Build.0 = Release|Any CPU
		{7435CFE2-5A39-4BE3-85E3-02AB54057FC6}.Debug|Any CPU.ActiveCfg = Debug|Any CPU
		{7435CFE2-5A39-4BE3-85E3-02AB54057FC6}.Debug|Any CPU.Build.0 = Debug|Any CPU
		{7435CFE2-5A39-4BE3-85E3-02AB54057FC6}.Release|Any CPU.ActiveCfg = Release|Any CPU
		{7435CFE2-5A39-4BE3-85E3-02AB54057FC6}.Release|Any CPU.Build.0 = Release|Any CPU
		{57CC0845-8921-4560-960A-36D1C25DDD1F}.Debug|Any CPU.ActiveCfg = Debug|Any CPU
		{57CC0845-8921-4560-960A-36D1C25DDD1F}.Debug|Any CPU.Build.0 = Debug|Any CPU
		{57CC0845-8921-4560-960A-36D1C25DDD1F}.Release|Any CPU.ActiveCfg = Release|Any CPU
		{57CC0845-8921-4560-960A-36D1C25DDD1F}.Release|Any CPU.Build.0 = Release|Any CPU
		{0F4944D8-C0EA-47A0-97F6-E9AC5B22DC14}.Debug|Any CPU.ActiveCfg = Debug|Any CPU
		{0F4944D8-C0EA-47A0-97F6-E9AC5B22DC14}.Debug|Any CPU.Build.0 = Debug|Any CPU
		{0F4944D8-C0EA-47A0-97F6-E9AC5B22DC14}.Release|Any CPU.ActiveCfg = Release|Any CPU
		{0F4944D8-C0EA-47A0-97F6-E9AC5B22DC14}.Release|Any CPU.Build.0 = Release|Any CPU
		{BC534E43-C954-42C7-A79B-B1C9F24C272F}.Debug|Any CPU.ActiveCfg = Debug|Any CPU
		{BC534E43-C954-42C7-A79B-B1C9F24C272F}.Debug|Any CPU.Build.0 = Debug|Any CPU
		{BC534E43-C954-42C7-A79B-B1C9F24C272F}.Release|Any CPU.ActiveCfg = Release|Any CPU
		{BC534E43-C954-42C7-A79B-B1C9F24C272F}.Release|Any CPU.Build.0 = Release|Any CPU
		{3B92B721-95E8-4ADA-BA36-457FEE85E2B3}.Debug|Any CPU.ActiveCfg = Debug|Any CPU
		{3B92B721-95E8-4ADA-BA36-457FEE85E2B3}.Debug|Any CPU.Build.0 = Debug|Any CPU
		{3B92B721-95E8-4ADA-BA36-457FEE85E2B3}.Release|Any CPU.ActiveCfg = Release|Any CPU
		{3B92B721-95E8-4ADA-BA36-457FEE85E2B3}.Release|Any CPU.Build.0 = Release|Any CPU
		{4625232C-F489-40DF-A1E1-AB524A5A7209}.Debug|Any CPU.ActiveCfg = Debug|Any CPU
		{4625232C-F489-40DF-A1E1-AB524A5A7209}.Debug|Any CPU.Build.0 = Debug|Any CPU
		{4625232C-F489-40DF-A1E1-AB524A5A7209}.Release|Any CPU.ActiveCfg = Release|Any CPU
		{4625232C-F489-40DF-A1E1-AB524A5A7209}.Release|Any CPU.Build.0 = Release|Any CPU
		{74BFB59D-8F7D-4F75-BF7E-4E441CABBCED}.Debug|Any CPU.ActiveCfg = Debug|Any CPU
		{74BFB59D-8F7D-4F75-BF7E-4E441CABBCED}.Debug|Any CPU.Build.0 = Debug|Any CPU
		{74BFB59D-8F7D-4F75-BF7E-4E441CABBCED}.Release|Any CPU.ActiveCfg = Release|Any CPU
		{74BFB59D-8F7D-4F75-BF7E-4E441CABBCED}.Release|Any CPU.Build.0 = Release|Any CPU
		{8EBDF0DA-A858-4DFB-973C-7C99E6B29BBE}.Debug|Any CPU.ActiveCfg = Debug|Any CPU
		{8EBDF0DA-A858-4DFB-973C-7C99E6B29BBE}.Debug|Any CPU.Build.0 = Debug|Any CPU
		{8EBDF0DA-A858-4DFB-973C-7C99E6B29BBE}.Release|Any CPU.ActiveCfg = Release|Any CPU
		{8EBDF0DA-A858-4DFB-973C-7C99E6B29BBE}.Release|Any CPU.Build.0 = Release|Any CPU
		{032EB1E9-8BB8-4D20-952B-8C325318A149}.Debug|Any CPU.ActiveCfg = Debug|Any CPU
		{032EB1E9-8BB8-4D20-952B-8C325318A149}.Debug|Any CPU.Build.0 = Debug|Any CPU
		{032EB1E9-8BB8-4D20-952B-8C325318A149}.Release|Any CPU.ActiveCfg = Release|Any CPU
		{032EB1E9-8BB8-4D20-952B-8C325318A149}.Release|Any CPU.Build.0 = Release|Any CPU
		{625BDBF6-9A07-4C6A-B3E7-B2B6869B6D48}.Debug|Any CPU.ActiveCfg = Debug|Any CPU
		{625BDBF6-9A07-4C6A-B3E7-B2B6869B6D48}.Debug|Any CPU.Build.0 = Debug|Any CPU
		{625BDBF6-9A07-4C6A-B3E7-B2B6869B6D48}.Release|Any CPU.ActiveCfg = Release|Any CPU
		{625BDBF6-9A07-4C6A-B3E7-B2B6869B6D48}.Release|Any CPU.Build.0 = Release|Any CPU
	EndGlobalSection
	GlobalSection(SolutionProperties) = preSolution
		HideSolutionNode = FALSE
	EndGlobalSection
	GlobalSection(ExtensibilityGlobals) = postSolution
		SolutionGuid = {44C54BFD-55DA-463B-AD75-886F0DBB1BFC}
	EndGlobalSection
EndGlobal
